
Microsoft Visual Studio Solution File, Format Version 12.00
# Visual Studio Version 17
VisualStudioVersion = 17.0.31903.59
MinimumVisualStudioVersion = 10.0.40219.1
Project("{2150E333-8FDC-42A3-9474-1A3956D46DE8}") = "src", "src", "{1D1581C6-7730-4DBF-84CE-F1EC352D0934}"
EndProject
Project("{FAE04EC0-301F-11D3-BF4B-00C04F79EFBC}") = "Reshot.App", "src\Reshot.App\Reshot.App.csproj", "{4D599542-8399-47B1-8A88-DEF9B0B8AF33}"
EndProject
Project("{FAE04EC0-301F-11D3-BF4B-00C04F79EFBC}") = "Reshot.Core", "src\Reshot.Core\Reshot.Core.csproj", "{7FB52E09-8E29-459F-8990-00A5863060A6}"
EndProject
Project("{FAE04EC0-301F-11D3-BF4B-00C04F79EFBC}") = "Reshot.Capture", "src\Reshot.Capture\Reshot.Capture.csproj", "{1151DFD0-E2D1-4E39-A139-28B05D1D92C7}"
EndProject
Project("{2150E333-8FDC-42A3-9474-1A3956D46DE8}") = "tests", "tests", "{C760F649-7A17-48F7-8B30-8CF4B6513664}"
EndProject
Project("{FAE04EC0-301F-11D3-BF4B-00C04F79EFBC}") = "Reshot.Core.Tests", "tests\Reshot.Core.Tests\Reshot.Core.Tests.csproj", "{51225D4D-A23B-45D8-9407-19E3495EDEBA}"
EndProject
Project("{FAE04EC0-301F-11D3-BF4B-00C04F79EFBC}") = "Reshot.Recording", "src\Reshot.Recording\Reshot.Recording.csproj", "{39C48A7F-A70E-4131-9E23-90CBEA8D0AE6}"
EndProject
Project("{FAE04EC0-301F-11D3-BF4B-00C04F79EFBC}") = "Reshot.Recording.Tests", "tests\Reshot.Recording.Tests\Reshot.Recording.Tests.csproj", "{D64556A0-5223-4B40-8B57-3C446AAB1E41}"
EndProject
Global
	GlobalSection(SolutionConfigurationPlatforms) = preSolution
		Debug|Any CPU = Debug|Any CPU
		Release|Any CPU = Release|Any CPU
	EndGlobalSection
	GlobalSection(SolutionProperties) = preSolution
		HideSolutionNode = FALSE
	EndGlobalSection
	GlobalSection(ProjectConfigurationPlatforms) = postSolution
		{4D599542-8399-47B1-8A88-DEF9B0B8AF33}.Debug|Any CPU.ActiveCfg = Debug|Any CPU
		{4D599542-8399-47B1-8A88-DEF9B0B8AF33}.Debug|Any CPU.Build.0 = Debug|Any CPU
		{4D599542-8399-47B1-8A88-DEF9B0B8AF33}.Release|Any CPU.ActiveCfg = Release|Any CPU
		{4D599542-8399-47B1-8A88-DEF9B0B8AF33}.Release|Any CPU.Build.0 = Release|Any CPU
		{7FB52E09-8E29-459F-8990-00A5863060A6}.Debug|Any CPU.ActiveCfg = Debug|Any CPU
		{7FB52E09-8E29-459F-8990-00A5863060A6}.Debug|Any CPU.Build.0 = Debug|Any CPU
		{7FB52E09-8E29-459F-8990-00A5863060A6}.Release|Any CPU.ActiveCfg = Release|Any CPU
		{7FB52E09-8E29-459F-8990-00A5863060A6}.Release|Any CPU.Build.0 = Release|Any CPU
		{1151DFD0-E2D1-4E39-A139-28B05D1D92C7}.Debug|Any CPU.ActiveCfg = Debug|Any CPU
		{1151DFD0-E2D1-4E39-A139-28B05D1D92C7}.Debug|Any CPU.Build.0 = Debug|Any CPU
		{1151DFD0-E2D1-4E39-A139-28B05D1D92C7}.Release|Any CPU.ActiveCfg = Release|Any CPU
		{1151DFD0-E2D1-4E39-A139-28B05D1D92C7}.Release|Any CPU.Build.0 = Release|Any CPU
		{51225D4D-A23B-45D8-9407-19E3495EDEBA}.Debug|Any CPU.ActiveCfg = Debug|Any CPU
		{51225D4D-A23B-45D8-9407-19E3495EDEBA}.Debug|Any CPU.Build.0 = Debug|Any CPU
		{51225D4D-A23B-45D8-9407-19E3495EDEBA}.Release|Any CPU.ActiveCfg = Release|Any CPU
		{51225D4D-A23B-45D8-9407-19E3495EDEBA}.Release|Any CPU.Build.0 = Release|Any CPU
		{39C48A7F-A70E-4131-9E23-90CBEA8D0AE6}.Debug|Any CPU.ActiveCfg = Debug|x64
		{39C48A7F-A70E-4131-9E23-90CBEA8D0AE6}.Debug|Any CPU.Build.0 = Debug|x64
		{39C48A7F-A70E-4131-9E23-90CBEA8D0AE6}.Release|Any CPU.ActiveCfg = Release|x64
		{39C48A7F-A70E-4131-9E23-90CBEA8D0AE6}.Release|Any CPU.Build.0 = Release|x64
		{D64556A0-5223-4B40-8B57-3C446AAB1E41}.Debug|Any CPU.ActiveCfg = Debug|x64
		{D64556A0-5223-4B40-8B57-3C446AAB1E41}.Debug|Any CPU.Build.0 = Debug|x64
		{D64556A0-5223-4B40-8B57-3C446AAB1E41}.Release|Any CPU.ActiveCfg = Release|x64
		{D64556A0-5223-4B40-8B57-3C446AAB1E41}.Release|Any CPU.Build.0 = Release|x64
	EndGlobalSection
	GlobalSection(NestedProjects) = preSolution
		{4D599542-8399-47B1-8A88-DEF9B0B8AF33} = {1D1581C6-7730-4DBF-84CE-F1EC352D0934}
		{7FB52E09-8E29-459F-8990-00A5863060A6} = {1D1581C6-7730-4DBF-84CE-F1EC352D0934}
		{1151DFD0-E2D1-4E39-A139-28B05D1D92C7} = {1D1581C6-7730-4DBF-84CE-F1EC352D0934}
		{51225D4D-A23B-45D8-9407-19E3495EDEBA} = {C760F649-7A17-48F7-8B30-8CF4B6513664}
		{39C48A7F-A70E-4131-9E23-90CBEA8D0AE6} = {1D1581C6-7730-4DBF-84CE-F1EC352D0934}
		{D64556A0-5223-4B40-8B57-3C446AAB1E41} = {C760F649-7A17-48F7-8B30-8CF4B6513664}
	EndGlobalSection
EndGlobal
